{
  "version": "5",
  "specifiers": {
    "npm:neverthrow@8.2.0": "8.2.0"
  },
  "npm": {
    "@rollup/rollup-linux-x64-gnu@4.57.1": {
      "integrity": "sha512-ABca4ceT4N+Tv/GtotnWAeXZUZuM/9AQyCyKYyKnpk4yoA7QIAuBt6Hkgpw8kActYlew2mvckXkvx0FfoInnLg==",
      "os": ["linux"],
      "cpu": ["x64"]
    },
    "neverthrow@8.2.0": {
      "integrity": "sha512-kOCT/1MCPAxY5iUV3wytNFUMUolzuwd/VF/1KCx7kf6CutrOsTie+84zTGTpgQycjvfLdBBdvBvFLqFD2c0wkQ==",
      "optionalDependencies": [
        "@rollup/rollup-linux-x64-gnu"
      ]
    }
  },
  "workspace": {
    "dependencies": [
      "jsr:@std/assert@1",
      "npm:neverthrow@8.2.0"
    ]
  }
}
